// !$*UTF8*$!
{
	archiveVersion = 1;
	classes = {
	};
	objectVersion = 46;
	objects = {

/* Begin PBXBuildFile section */
		7293C28F19A9019E0000F456 /* Accounts.framework in Frameworks */ = {isa = PBXBuildFile; fileRef = 7293C28E19A9019E0000F456 /* Accounts.framework */; };
		7293C29119A901A70000F456 /* AudioToolbox.framework in Frameworks */ = {isa = PBXBuildFile; fileRef = 7293C29019A901A70000F456 /* AudioToolbox.framework */; };
		7293C29319A901AF0000F456 /* CFNetwork.framework in Frameworks */ = {isa = PBXBuildFile; fileRef = 7293C29219A901AF0000F456 /* CFNetwork.framework */; };
		7293C29519A902050000F456 /* MobileCoreServices.framework in Frameworks */ = {isa = PBXBuildFile; fileRef = 7293C29419A902050000F456 /* MobileCoreServices.framework */; };
		7293C29719A902180000F456 /* Security.framework in Frameworks */ = {isa = PBXBuildFile; fileRef = 7293C29619A902180000F456 /* Security.framework */; };
		7293C29919A9021F0000F456 /* Social.framework in Frameworks */ = {isa = PBXBuildFile; fileRef = 7293C29819A9021F0000F456 /* Social.framework */; };
		7293C29B19A902260000F456 /* StoreKit.framework in Frameworks */ = {isa = PBXBuildFile; fileRef = 7293C29A19A902260000F456 /* StoreKit.framework */; };
		72EAD42419A950A50036FCBB /* ParseFacebookUtils.framework in Frameworks */ = {isa = PBXBuildFile; fileRef = 72EAD42319A950A50036FCBB /* ParseFacebookUtils.framework */; };
		72EAD42619A959500036FCBB /* FacebookSDK.framework in Frameworks */ = {isa = PBXBuildFile; fileRef = 72EAD42519A959500036FCBB /* FacebookSDK.framework */; };
		72EAD42819A95FE90036FCBB /* Parse.framework in Frameworks */ = {isa = PBXBuildFile; fileRef = 72EAD42719A95FE90036FCBB /* Parse.framework */; };
		72FB5C5919A8016100D4FCB7 /* GoogleMaps.framework in Frameworks */ = {isa = PBXBuildFile; fileRef = 72FB5C5819A8016100D4FCB7 /* GoogleMaps.framework */; };
		72FB5C5B19A801A100D4FCB7 /* GoogleMaps.bundle in Resources */ = {isa = PBXBuildFile; fileRef = 72FB5C5A19A801A100D4FCB7 /* GoogleMaps.bundle */; };
		72FB5C5E19A8029D00D4FCB7 /* Constants.m in Sources */ = {isa = PBXBuildFile; fileRef = 72FB5C5D19A8029D00D4FCB7 /* Constants.m */; };
		A735E9EC19A98B2900500BF5 /* GooglePlacesAutocompleteUtilities.m in Sources */ = {isa = PBXBuildFile; fileRef = A735E9EB19A98B2900500BF5 /* GooglePlacesAutocompleteUtilities.m */; };
		A735E9EF19A98D3B00500BF5 /* GooglePlacesAutocompleteQuery.m in Sources */ = {isa = PBXBuildFile; fileRef = A735E9EE19A98D3B00500BF5 /* GooglePlacesAutocompleteQuery.m */; };
		A735E9F219AA35EE00500BF5 /* GooglePlacesPlaceDetailQuery.m in Sources */ = {isa = PBXBuildFile; fileRef = A735E9F119AA35EE00500BF5 /* GooglePlacesPlaceDetailQuery.m */; };
		A735E9F519AA371100500BF5 /* GooglePlacesAutocompletePlace.m in Sources */ = {isa = PBXBuildFile; fileRef = A735E9F419AA371100500BF5 /* GooglePlacesAutocompletePlace.m */; };
		A772F66919A01F60003DA103 /* Foundation.framework in Frameworks */ = {isa = PBXBuildFile; fileRef = A772F66819A01F60003DA103 /* Foundation.framework */; };
		A772F66B19A01F60003DA103 /* CoreGraphics.framework in Frameworks */ = {isa = PBXBuildFile; fileRef = A772F66A19A01F60003DA103 /* CoreGraphics.framework */; };
		A772F66D19A01F60003DA103 /* UIKit.framework in Frameworks */ = {isa = PBXBuildFile; fileRef = A772F66C19A01F60003DA103 /* UIKit.framework */; };
		A772F67319A01F60003DA103 /* InfoPlist.strings in Resources */ = {isa = PBXBuildFile; fileRef = A772F67119A01F60003DA103 /* InfoPlist.strings */; };
		A772F67519A01F60003DA103 /* main.m in Sources */ = {isa = PBXBuildFile; fileRef = A772F67419A01F60003DA103 /* main.m */; };
		A772F67919A01F60003DA103 /* AppDelegate.m in Sources */ = {isa = PBXBuildFile; fileRef = A772F67819A01F60003DA103 /* AppDelegate.m */; };
		A772F67C19A01F60003DA103 /* Main.storyboard in Resources */ = {isa = PBXBuildFile; fileRef = A772F67A19A01F60003DA103 /* Main.storyboard */; };
		A772F67F19A01F60003DA103 /* ViewController.m in Sources */ = {isa = PBXBuildFile; fileRef = A772F67E19A01F60003DA103 /* ViewController.m */; };
		A772F68819A01F60003DA103 /* XCTest.framework in Frameworks */ = {isa = PBXBuildFile; fileRef = A772F68719A01F60003DA103 /* XCTest.framework */; };
		A772F68919A01F60003DA103 /* Foundation.framework in Frameworks */ = {isa = PBXBuildFile; fileRef = A772F66819A01F60003DA103 /* Foundation.framework */; };
		A772F68A19A01F60003DA103 /* UIKit.framework in Frameworks */ = {isa = PBXBuildFile; fileRef = A772F66C19A01F60003DA103 /* UIKit.framework */; };
		A772F69219A01F60003DA103 /* InfoPlist.strings in Resources */ = {isa = PBXBuildFile; fileRef = A772F69019A01F60003DA103 /* InfoPlist.strings */; };
		A772F69419A01F60003DA103 /* OurMapsTests.m in Sources */ = {isa = PBXBuildFile; fileRef = A772F69319A01F60003DA103 /* OurMapsTests.m */; };
		A772F6A419A022F5003DA103 /* AVFoundation.framework in Frameworks */ = {isa = PBXBuildFile; fileRef = A772F6A319A022F5003DA103 /* AVFoundation.framework */; };
		A772F6A619A02300003DA103 /* CoreData.framework in Frameworks */ = {isa = PBXBuildFile; fileRef = A772F6A519A02300003DA103 /* CoreData.framework */; };
		A772F6A819A02309003DA103 /* CoreLocation.framework in Frameworks */ = {isa = PBXBuildFile; fileRef = A772F6A719A02309003DA103 /* CoreLocation.framework */; };
		A772F6AA19A02319003DA103 /* CoreText.framework in Frameworks */ = {isa = PBXBuildFile; fileRef = A772F6A919A02319003DA103 /* CoreText.framework */; };
		A772F6AC19A0232D003DA103 /* GLKit.framework in Frameworks */ = {isa = PBXBuildFile; fileRef = A772F6AB19A0232D003DA103 /* GLKit.framework */; };
		A772F6AE19A0233C003DA103 /* ImageIO.framework in Frameworks */ = {isa = PBXBuildFile; fileRef = A772F6AD19A0233C003DA103 /* ImageIO.framework */; };
		A772F6B019A02358003DA103 /* libc++.dylib in Frameworks */ = {isa = PBXBuildFile; fileRef = A772F6AF19A02358003DA103 /* libc++.dylib */; };
		A772F6B219A0237F003DA103 /* libicucore.dylib in Frameworks */ = {isa = PBXBuildFile; fileRef = A772F6B119A0237F003DA103 /* libicucore.dylib */; };
		A772F6B419A0239A003DA103 /* libz.dylib in Frameworks */ = {isa = PBXBuildFile; fileRef = A772F6B319A0239A003DA103 /* libz.dylib */; };
		A772F6B619A023B5003DA103 /* OpenGLES.framework in Frameworks */ = {isa = PBXBuildFile; fileRef = A772F6B519A023B5003DA103 /* OpenGLES.framework */; };
		A772F6B819A023C2003DA103 /* QuartzCore.framework in Frameworks */ = {isa = PBXBuildFile; fileRef = A772F6B719A023C2003DA103 /* QuartzCore.framework */; };
		A772F6BA19A023D2003DA103 /* SystemConfiguration.framework in Frameworks */ = {isa = PBXBuildFile; fileRef = A772F6B919A023D2003DA103 /* SystemConfiguration.framework */; };
		A772F6BF19A6E0E2003DA103 /* PlaceMarker.m in Sources */ = {isa = PBXBuildFile; fileRef = A772F6BE19A6E0E2003DA103 /* PlaceMarker.m */; };
		A78F04B419A7FA4A005BCF6B /* Images.xcassets in Resources */ = {isa = PBXBuildFile; fileRef = A78F04B319A7FA4A005BCF6B /* Images.xcassets */; };
/* End PBXBuildFile section */

/* Begin PBXContainerItemProxy section */
		A772F68B19A01F60003DA103 /* PBXContainerItemProxy */ = {
			isa = PBXContainerItemProxy;
			containerPortal = A772F65D19A01F60003DA103 /* Project object */;
			proxyType = 1;
			remoteGlobalIDString = A772F66419A01F60003DA103;
			remoteInfo = OurMaps;
		};
/* End PBXContainerItemProxy section */

/* Begin PBXFileReference section */
		7293C28E19A9019E0000F456 /* Accounts.framework */ = {isa = PBXFileReference; lastKnownFileType = wrapper.framework; name = Accounts.framework; path = System/Library/Frameworks/Accounts.framework; sourceTree = SDKROOT; };
		7293C29019A901A70000F456 /* AudioToolbox.framework */ = {isa = PBXFileReference; lastKnownFileType = wrapper.framework; name = AudioToolbox.framework; path = System/Library/Frameworks/AudioToolbox.framework; sourceTree = SDKROOT; };
		7293C29219A901AF0000F456 /* CFNetwork.framework */ = {isa = PBXFileReference; lastKnownFileType = wrapper.framework; name = CFNetwork.framework; path = System/Library/Frameworks/CFNetwork.framework; sourceTree = SDKROOT; };
		7293C29419A902050000F456 /* MobileCoreServices.framework */ = {isa = PBXFileReference; lastKnownFileType = wrapper.framework; name = MobileCoreServices.framework; path = System/Library/Frameworks/MobileCoreServices.framework; sourceTree = SDKROOT; };
		7293C29619A902180000F456 /* Security.framework */ = {isa = PBXFileReference; lastKnownFileType = wrapper.framework; name = Security.framework; path = System/Library/Frameworks/Security.framework; sourceTree = SDKROOT; };
		7293C29819A9021F0000F456 /* Social.framework */ = {isa = PBXFileReference; lastKnownFileType = wrapper.framework; name = Social.framework; path = System/Library/Frameworks/Social.framework; sourceTree = SDKROOT; };
		7293C29A19A902260000F456 /* StoreKit.framework */ = {isa = PBXFileReference; lastKnownFileType = wrapper.framework; name = StoreKit.framework; path = System/Library/Frameworks/StoreKit.framework; sourceTree = SDKROOT; };
		72EAD42319A950A50036FCBB /* ParseFacebookUtils.framework */ = {isa = PBXFileReference; lastKnownFileType = wrapper.framework; name = ParseFacebookUtils.framework; path = "parse-library-1.2.21/ParseFacebookUtils.framework"; sourceTree = "<group>"; };
		72EAD42519A959500036FCBB /* FacebookSDK.framework */ = {isa = PBXFileReference; lastKnownFileType = wrapper.framework; name = FacebookSDK.framework; path = FacebookSDK/FacebookSDK.framework; sourceTree = "<group>"; };
		72EAD42719A95FE90036FCBB /* Parse.framework */ = {isa = PBXFileReference; lastKnownFileType = wrapper.framework; name = Parse.framework; path = "parse-library-1.2.21/Parse.framework"; sourceTree = "<group>"; };
		72FB5C5819A8016100D4FCB7 /* GoogleMaps.framework */ = {isa = PBXFileReference; lastKnownFileType = wrapper.framework; name = GoogleMaps.framework; path = "GoogleMaps-iOS-1.8.1/GoogleMaps.framework"; sourceTree = "<group>"; };
		72FB5C5A19A801A100D4FCB7 /* GoogleMaps.bundle */ = {isa = PBXFileReference; lastKnownFileType = "wrapper.plug-in"; name = GoogleMaps.bundle; path = "GoogleMaps-iOS-1.8.1/GoogleMaps.framework/Versions/A/Resources/GoogleMaps.bundle"; sourceTree = "<group>"; };
		72FB5C5C19A8029D00D4FCB7 /* Constants.h */ = {isa = PBXFileReference; fileEncoding = 4; lastKnownFileType = sourcecode.c.h; path = Constants.h; sourceTree = "<group>"; };
		72FB5C5D19A8029D00D4FCB7 /* Constants.m */ = {isa = PBXFileReference; fileEncoding = 4; lastKnownFileType = sourcecode.c.objc; path = Constants.m; sourceTree = "<group>"; };
		A735E9EA19A98B2900500BF5 /* GooglePlacesAutocompleteUtilities.h */ = {isa = PBXFileReference; fileEncoding = 4; lastKnownFileType = sourcecode.c.h; path = GooglePlacesAutocompleteUtilities.h; sourceTree = "<group>"; };
		A735E9EB19A98B2900500BF5 /* GooglePlacesAutocompleteUtilities.m */ = {isa = PBXFileReference; fileEncoding = 4; lastKnownFileType = sourcecode.c.objc; path = GooglePlacesAutocompleteUtilities.m; sourceTree = "<group>"; };
		A735E9ED19A98D3B00500BF5 /* GooglePlacesAutocompleteQuery.h */ = {isa = PBXFileReference; fileEncoding = 4; lastKnownFileType = sourcecode.c.h; path = GooglePlacesAutocompleteQuery.h; sourceTree = "<group>"; };
		A735E9EE19A98D3B00500BF5 /* GooglePlacesAutocompleteQuery.m */ = {isa = PBXFileReference; fileEncoding = 4; lastKnownFileType = sourcecode.c.objc; path = GooglePlacesAutocompleteQuery.m; sourceTree = "<group>"; };
		A735E9F019AA35EE00500BF5 /* GooglePlacesPlaceDetailQuery.h */ = {isa = PBXFileReference; fileEncoding = 4; lastKnownFileType = sourcecode.c.h; path = GooglePlacesPlaceDetailQuery.h; sourceTree = "<group>"; };
		A735E9F119AA35EE00500BF5 /* GooglePlacesPlaceDetailQuery.m */ = {isa = PBXFileReference; fileEncoding = 4; lastKnownFileType = sourcecode.c.objc; path = GooglePlacesPlaceDetailQuery.m; sourceTree = "<group>"; };
		A735E9F319AA371100500BF5 /* GooglePlacesAutocompletePlace.h */ = {isa = PBXFileReference; fileEncoding = 4; lastKnownFileType = sourcecode.c.h; path = GooglePlacesAutocompletePlace.h; sourceTree = "<group>"; };
		A735E9F419AA371100500BF5 /* GooglePlacesAutocompletePlace.m */ = {isa = PBXFileReference; fileEncoding = 4; lastKnownFileType = sourcecode.c.objc; path = GooglePlacesAutocompletePlace.m; sourceTree = "<group>"; };
		A772F66519A01F60003DA103 /* OurMaps.app */ = {isa = PBXFileReference; explicitFileType = wrapper.application; includeInIndex = 0; path = OurMaps.app; sourceTree = BUILT_PRODUCTS_DIR; };
		A772F66819A01F60003DA103 /* Foundation.framework */ = {isa = PBXFileReference; lastKnownFileType = wrapper.framework; name = Foundation.framework; path = System/Library/Frameworks/Foundation.framework; sourceTree = SDKROOT; };
		A772F66A19A01F60003DA103 /* CoreGraphics.framework */ = {isa = PBXFileReference; lastKnownFileType = wrapper.framework; name = CoreGraphics.framework; path = System/Library/Frameworks/CoreGraphics.framework; sourceTree = SDKROOT; };
		A772F66C19A01F60003DA103 /* UIKit.framework */ = {isa = PBXFileReference; lastKnownFileType = wrapper.framework; name = UIKit.framework; path = System/Library/Frameworks/UIKit.framework; sourceTree = SDKROOT; };
		A772F67019A01F60003DA103 /* OurMaps-Info.plist */ = {isa = PBXFileReference; lastKnownFileType = text.plist.xml; path = "OurMaps-Info.plist"; sourceTree = "<group>"; };
		A772F67219A01F60003DA103 /* en */ = {isa = PBXFileReference; lastKnownFileType = text.plist.strings; name = en; path = en.lproj/InfoPlist.strings; sourceTree = "<group>"; };
		A772F67419A01F60003DA103 /* main.m */ = {isa = PBXFileReference; lastKnownFileType = sourcecode.c.objc; path = main.m; sourceTree = "<group>"; };
		A772F67619A01F60003DA103 /* OurMaps-Prefix.pch */ = {isa = PBXFileReference; lastKnownFileType = sourcecode.c.h; path = "OurMaps-Prefix.pch"; sourceTree = "<group>"; };
		A772F67719A01F60003DA103 /* AppDelegate.h */ = {isa = PBXFileReference; lastKnownFileType = sourcecode.c.h; path = AppDelegate.h; sourceTree = "<group>"; };
		A772F67819A01F60003DA103 /* AppDelegate.m */ = {isa = PBXFileReference; lastKnownFileType = sourcecode.c.objc; path = AppDelegate.m; sourceTree = "<group>"; };
		A772F67B19A01F60003DA103 /* Base */ = {isa = PBXFileReference; lastKnownFileType = file.storyboard; name = Base; path = Base.lproj/Main.storyboard; sourceTree = "<group>"; };
		A772F67D19A01F60003DA103 /* ViewController.h */ = {isa = PBXFileReference; lastKnownFileType = sourcecode.c.h; path = ViewController.h; sourceTree = "<group>"; };
		A772F67E19A01F60003DA103 /* ViewController.m */ = {isa = PBXFileReference; lastKnownFileType = sourcecode.c.objc; path = ViewController.m; sourceTree = "<group>"; };
		A772F68619A01F60003DA103 /* OurMapsTests.xctest */ = {isa = PBXFileReference; explicitFileType = wrapper.cfbundle; includeInIndex = 0; path = OurMapsTests.xctest; sourceTree = BUILT_PRODUCTS_DIR; };
		A772F68719A01F60003DA103 /* XCTest.framework */ = {isa = PBXFileReference; lastKnownFileType = wrapper.framework; name = XCTest.framework; path = Library/Frameworks/XCTest.framework; sourceTree = DEVELOPER_DIR; };
		A772F68F19A01F60003DA103 /* OurMapsTests-Info.plist */ = {isa = PBXFileReference; lastKnownFileType = text.plist.xml; path = "OurMapsTests-Info.plist"; sourceTree = "<group>"; };
		A772F69119A01F60003DA103 /* en */ = {isa = PBXFileReference; lastKnownFileType = text.plist.strings; name = en; path = en.lproj/InfoPlist.strings; sourceTree = "<group>"; };
		A772F69319A01F60003DA103 /* OurMapsTests.m */ = {isa = PBXFileReference; lastKnownFileType = sourcecode.c.objc; path = OurMapsTests.m; sourceTree = "<group>"; };
		A772F6A319A022F5003DA103 /* AVFoundation.framework */ = {isa = PBXFileReference; lastKnownFileType = wrapper.framework; name = AVFoundation.framework; path = System/Library/Frameworks/AVFoundation.framework; sourceTree = SDKROOT; };
		A772F6A519A02300003DA103 /* CoreData.framework */ = {isa = PBXFileReference; lastKnownFileType = wrapper.framework; name = CoreData.framework; path = System/Library/Frameworks/CoreData.framework; sourceTree = SDKROOT; };
		A772F6A719A02309003DA103 /* CoreLocation.framework */ = {isa = PBXFileReference; lastKnownFileType = wrapper.framework; name = CoreLocation.framework; path = System/Library/Frameworks/CoreLocation.framework; sourceTree = SDKROOT; };
		A772F6A919A02319003DA103 /* CoreText.framework */ = {isa = PBXFileReference; lastKnownFileType = wrapper.framework; name = CoreText.framework; path = System/Library/Frameworks/CoreText.framework; sourceTree = SDKROOT; };
		A772F6AB19A0232D003DA103 /* GLKit.framework */ = {isa = PBXFileReference; lastKnownFileType = wrapper.framework; name = GLKit.framework; path = System/Library/Frameworks/GLKit.framework; sourceTree = SDKROOT; };
		A772F6AD19A0233C003DA103 /* ImageIO.framework */ = {isa = PBXFileReference; lastKnownFileType = wrapper.framework; name = ImageIO.framework; path = System/Library/Frameworks/ImageIO.framework; sourceTree = SDKROOT; };
		A772F6AF19A02358003DA103 /* libc++.dylib */ = {isa = PBXFileReference; lastKnownFileType = "compiled.mach-o.dylib"; name = "libc++.dylib"; path = "usr/lib/libc++.dylib"; sourceTree = SDKROOT; };
		A772F6B119A0237F003DA103 /* libicucore.dylib */ = {isa = PBXFileReference; lastKnownFileType = "compiled.mach-o.dylib"; name = libicucore.dylib; path = usr/lib/libicucore.dylib; sourceTree = SDKROOT; };
		A772F6B319A0239A003DA103 /* libz.dylib */ = {isa = PBXFileReference; lastKnownFileType = "compiled.mach-o.dylib"; name = libz.dylib; path = usr/lib/libz.dylib; sourceTree = SDKROOT; };
		A772F6B519A023B5003DA103 /* OpenGLES.framework */ = {isa = PBXFileReference; lastKnownFileType = wrapper.framework; name = OpenGLES.framework; path = System/Library/Frameworks/OpenGLES.framework; sourceTree = SDKROOT; };
		A772F6B719A023C2003DA103 /* QuartzCore.framework */ = {isa = PBXFileReference; lastKnownFileType = wrapper.framework; name = QuartzCore.framework; path = System/Library/Frameworks/QuartzCore.framework; sourceTree = SDKROOT; };
		A772F6B919A023D2003DA103 /* SystemConfiguration.framework */ = {isa = PBXFileReference; lastKnownFileType = wrapper.framework; name = SystemConfiguration.framework; path = System/Library/Frameworks/SystemConfiguration.framework; sourceTree = SDKROOT; };
		A772F6BD19A6E0E2003DA103 /* PlaceMarker.h */ = {isa = PBXFileReference; fileEncoding = 4; lastKnownFileType = sourcecode.c.h; path = PlaceMarker.h; sourceTree = "<group>"; };
		A772F6BE19A6E0E2003DA103 /* PlaceMarker.m */ = {isa = PBXFileReference; fileEncoding = 4; lastKnownFileType = sourcecode.c.objc; path = PlaceMarker.m; sourceTree = "<group>"; };
		A78F04B319A7FA4A005BCF6B /* Images.xcassets */ = {isa = PBXFileReference; lastKnownFileType = folder.assetcatalog; path = Images.xcassets; sourceTree = "<group>"; };
/* End PBXFileReference section */

/* Begin PBXFrameworksBuildPhase section */
		A772F66219A01F60003DA103 /* Frameworks */ = {
			isa = PBXFrameworksBuildPhase;
			buildActionMask = 2147483647;
			files = (
				A772F6BA19A023D2003DA103 /* SystemConfiguration.framework in Frameworks */,
				7293C29B19A902260000F456 /* StoreKit.framework in Frameworks */,
				72EAD42419A950A50036FCBB /* ParseFacebookUtils.framework in Frameworks */,
				7293C29919A9021F0000F456 /* Social.framework in Frameworks */,
				7293C29719A902180000F456 /* Security.framework in Frameworks */,
				A772F6B819A023C2003DA103 /* QuartzCore.framework in Frameworks */,
				72EAD42819A95FE90036FCBB /* Parse.framework in Frameworks */,
				7293C29519A902050000F456 /* MobileCoreServices.framework in Frameworks */,
				A772F6B419A0239A003DA103 /* libz.dylib in Frameworks */,
				A772F6A819A02309003DA103 /* CoreLocation.framework in Frameworks */,
				A772F66B19A01F60003DA103 /* CoreGraphics.framework in Frameworks */,
				7293C29319A901AF0000F456 /* CFNetwork.framework in Frameworks */,
				7293C29119A901A70000F456 /* AudioToolbox.framework in Frameworks */,
				7293C28F19A9019E0000F456 /* Accounts.framework in Frameworks */,
				A772F6B619A023B5003DA103 /* OpenGLES.framework in Frameworks */,
				A772F6B219A0237F003DA103 /* libicucore.dylib in Frameworks */,
				A772F6B019A02358003DA103 /* libc++.dylib in Frameworks */,
				A772F6AE19A0233C003DA103 /* ImageIO.framework in Frameworks */,
				A772F6AC19A0232D003DA103 /* GLKit.framework in Frameworks */,
				A772F6AA19A02319003DA103 /* CoreText.framework in Frameworks */,
				A772F6A619A02300003DA103 /* CoreData.framework in Frameworks */,
				72EAD42619A959500036FCBB /* FacebookSDK.framework in Frameworks */,
				A772F6A419A022F5003DA103 /* AVFoundation.framework in Frameworks */,
				A772F66D19A01F60003DA103 /* UIKit.framework in Frameworks */,
				72FB5C5919A8016100D4FCB7 /* GoogleMaps.framework in Frameworks */,
				A772F66919A01F60003DA103 /* Foundation.framework in Frameworks */,
			);
			runOnlyForDeploymentPostprocessing = 0;
		};
		A772F68319A01F60003DA103 /* Frameworks */ = {
			isa = PBXFrameworksBuildPhase;
			buildActionMask = 2147483647;
			files = (
				A772F68819A01F60003DA103 /* XCTest.framework in Frameworks */,
				A772F68A19A01F60003DA103 /* UIKit.framework in Frameworks */,
				A772F68919A01F60003DA103 /* Foundation.framework in Frameworks */,
			);
			runOnlyForDeploymentPostprocessing = 0;
		};
/* End PBXFrameworksBuildPhase section */

/* Begin PBXGroup section */
		A772F65C19A01F60003DA103 = {
			isa = PBXGroup;
			children = (
				A772F6C019A6E1F3003DA103 /* Models */,
				A772F66E19A01F60003DA103 /* OurMaps */,
				A772F68D19A01F60003DA103 /* OurMapsTests */,
				A772F66719A01F60003DA103 /* Frameworks */,
				A772F66619A01F60003DA103 /* Products */,
			);
			sourceTree = "<group>";
		};
		A772F66619A01F60003DA103 /* Products */ = {
			isa = PBXGroup;
			children = (
				A772F66519A01F60003DA103 /* OurMaps.app */,
				A772F68619A01F60003DA103 /* OurMapsTests.xctest */,
			);
			name = Products;
			sourceTree = "<group>";
		};
		A772F66719A01F60003DA103 /* Frameworks */ = {
			isa = PBXGroup;
			children = (
				72EAD42719A95FE90036FCBB /* Parse.framework */,
				72EAD42519A959500036FCBB /* FacebookSDK.framework */,
				72EAD42319A950A50036FCBB /* ParseFacebookUtils.framework */,
				A772F66819A01F60003DA103 /* Foundation.framework */,
				A772F6B919A023D2003DA103 /* SystemConfiguration.framework */,
				7293C29A19A902260000F456 /* StoreKit.framework */,
				7293C29819A9021F0000F456 /* Social.framework */,
				7293C29619A902180000F456 /* Security.framework */,
				7293C29419A902050000F456 /* MobileCoreServices.framework */,
				7293C29219A901AF0000F456 /* CFNetwork.framework */,
				7293C29019A901A70000F456 /* AudioToolbox.framework */,
				7293C28E19A9019E0000F456 /* Accounts.framework */,
				72FB5C5A19A801A100D4FCB7 /* GoogleMaps.bundle */,
				72FB5C5819A8016100D4FCB7 /* GoogleMaps.framework */,
				A772F6B719A023C2003DA103 /* QuartzCore.framework */,
				A772F6B519A023B5003DA103 /* OpenGLES.framework */,
				A772F6B319A0239A003DA103 /* libz.dylib */,
				A772F6B119A0237F003DA103 /* libicucore.dylib */,
				A772F6AF19A02358003DA103 /* libc++.dylib */,
				A772F6AD19A0233C003DA103 /* ImageIO.framework */,
				A772F6AB19A0232D003DA103 /* GLKit.framework */,
				A772F6A919A02319003DA103 /* CoreText.framework */,
				A772F6A719A02309003DA103 /* CoreLocation.framework */,
				A772F6A519A02300003DA103 /* CoreData.framework */,
				A772F6A319A022F5003DA103 /* AVFoundation.framework */,
				A772F66A19A01F60003DA103 /* CoreGraphics.framework */,
				A772F66C19A01F60003DA103 /* UIKit.framework */,
				A772F68719A01F60003DA103 /* XCTest.framework */,
			);
			name = Frameworks;
			sourceTree = "<group>";
		};
		A772F66E19A01F60003DA103 /* OurMaps */ = {
			isa = PBXGroup;
			children = (
				A772F67719A01F60003DA103 /* AppDelegate.h */,
				A772F67819A01F60003DA103 /* AppDelegate.m */,
				A735E9EA19A98B2900500BF5 /* GooglePlacesAutocompleteUtilities.h */,
				A735E9EB19A98B2900500BF5 /* GooglePlacesAutocompleteUtilities.m */,
				A735E9ED19A98D3B00500BF5 /* GooglePlacesAutocompleteQuery.h */,
				A735E9EE19A98D3B00500BF5 /* GooglePlacesAutocompleteQuery.m */,
				A735E9F019AA35EE00500BF5 /* GooglePlacesPlaceDetailQuery.h */,
				A735E9F119AA35EE00500BF5 /* GooglePlacesPlaceDetailQuery.m */,
				A735E9F319AA371100500BF5 /* GooglePlacesAutocompletePlace.h */,
				A735E9F419AA371100500BF5 /* GooglePlacesAutocompletePlace.m */,
				A772F67A19A01F60003DA103 /* Main.storyboard */,
				A772F67D19A01F60003DA103 /* ViewController.h */,
				A772F67E19A01F60003DA103 /* ViewController.m */,
				A78F04B319A7FA4A005BCF6B /* Images.xcassets */,
				A772F66F19A01F60003DA103 /* Supporting Files */,
				A772F6BD19A6E0E2003DA103 /* PlaceMarker.h */,
				A772F6BE19A6E0E2003DA103 /* PlaceMarker.m */,
				72FB5C5C19A8029D00D4FCB7 /* Constants.h */,
				72FB5C5D19A8029D00D4FCB7 /* Constants.m */,
			);
			path = OurMaps;
			sourceTree = "<group>";
		};
		A772F66F19A01F60003DA103 /* Supporting Files */ = {
			isa = PBXGroup;
			children = (
				A772F67019A01F60003DA103 /* OurMaps-Info.plist */,
				A772F67119A01F60003DA103 /* InfoPlist.strings */,
				A772F67419A01F60003DA103 /* main.m */,
				A772F67619A01F60003DA103 /* OurMaps-Prefix.pch */,
			);
			name = "Supporting Files";
			sourceTree = "<group>";
		};
		A772F68D19A01F60003DA103 /* OurMapsTests */ = {
			isa = PBXGroup;
			children = (
				A772F69319A01F60003DA103 /* OurMapsTests.m */,
				A772F68E19A01F60003DA103 /* Supporting Files */,
			);
			path = OurMapsTests;
			sourceTree = "<group>";
		};
		A772F68E19A01F60003DA103 /* Supporting Files */ = {
			isa = PBXGroup;
			children = (
				A772F68F19A01F60003DA103 /* OurMapsTests-Info.plist */,
				A772F69019A01F60003DA103 /* InfoPlist.strings */,
			);
			name = "Supporting Files";
			sourceTree = "<group>";
		};
		A772F6C019A6E1F3003DA103 /* Models */ = {
			isa = PBXGroup;
			children = (
			);
			name = Models;
			sourceTree = "<group>";
		};
/* End PBXGroup section */

/* Begin PBXNativeTarget section */
		A772F66419A01F60003DA103 /* OurMaps */ = {
			isa = PBXNativeTarget;
			buildConfigurationList = A772F69719A01F60003DA103 /* Build configuration list for PBXNativeTarget "OurMaps" */;
			buildPhases = (
				A772F66119A01F60003DA103 /* Sources */,
				A772F66219A01F60003DA103 /* Frameworks */,
				A772F66319A01F60003DA103 /* Resources */,
			);
			buildRules = (
			);
			dependencies = (
			);
			name = OurMaps;
			productName = OurMaps;
			productReference = A772F66519A01F60003DA103 /* OurMaps.app */;
			productType = "com.apple.product-type.application";
		};
		A772F68519A01F60003DA103 /* OurMapsTests */ = {
			isa = PBXNativeTarget;
			buildConfigurationList = A772F69A19A01F60003DA103 /* Build configuration list for PBXNativeTarget "OurMapsTests" */;
			buildPhases = (
				A772F68219A01F60003DA103 /* Sources */,
				A772F68319A01F60003DA103 /* Frameworks */,
				A772F68419A01F60003DA103 /* Resources */,
			);
			buildRules = (
			);
			dependencies = (
				A772F68C19A01F60003DA103 /* PBXTargetDependency */,
			);
			name = OurMapsTests;
			productName = OurMapsTests;
			productReference = A772F68619A01F60003DA103 /* OurMapsTests.xctest */;
			productType = "com.apple.product-type.bundle.unit-test";
		};
/* End PBXNativeTarget section */

/* Begin PBXProject section */
		A772F65D19A01F60003DA103 /* Project object */ = {
			isa = PBXProject;
			attributes = {
				LastUpgradeCheck = 0510;
				ORGANIZATIONNAME = OurMaps;
				TargetAttributes = {
					A772F68519A01F60003DA103 = {
						TestTargetID = A772F66419A01F60003DA103;
					};
				};
			};
			buildConfigurationList = A772F66019A01F60003DA103 /* Build configuration list for PBXProject "OurMaps" */;
			compatibilityVersion = "Xcode 3.2";
			developmentRegion = English;
			hasScannedForEncodings = 0;
			knownRegions = (
				en,
				Base,
			);
			mainGroup = A772F65C19A01F60003DA103;
			productRefGroup = A772F66619A01F60003DA103 /* Products */;
			projectDirPath = "";
			projectRoot = "";
			targets = (
				A772F66419A01F60003DA103 /* OurMaps */,
				A772F68519A01F60003DA103 /* OurMapsTests */,
			);
		};
/* End PBXProject section */

/* Begin PBXResourcesBuildPhase section */
		A772F66319A01F60003DA103 /* Resources */ = {
			isa = PBXResourcesBuildPhase;
			buildActionMask = 2147483647;
			files = (
				A78F04B419A7FA4A005BCF6B /* Images.xcassets in Resources */,
				A772F67319A01F60003DA103 /* InfoPlist.strings in Resources */,
				A772F67C19A01F60003DA103 /* Main.storyboard in Resources */,
				72FB5C5B19A801A100D4FCB7 /* GoogleMaps.bundle in Resources */,
			);
			runOnlyForDeploymentPostprocessing = 0;
		};
		A772F68419A01F60003DA103 /* Resources */ = {
			isa = PBXResourcesBuildPhase;
			buildActionMask = 2147483647;
			files = (
				A772F69219A01F60003DA103 /* InfoPlist.strings in Resources */,
			);
			runOnlyForDeploymentPostprocessing = 0;
		};
/* End PBXResourcesBuildPhase section */

/* Begin PBXSourcesBuildPhase section */
		A772F66119A01F60003DA103 /* Sources */ = {
			isa = PBXSourcesBuildPhase;
			buildActionMask = 2147483647;
			files = (
				72FB5C5E19A8029D00D4FCB7 /* Constants.m in Sources */,
				A772F67F19A01F60003DA103 /* ViewController.m in Sources */,
				A772F67919A01F60003DA103 /* AppDelegate.m in Sources */,
				A735E9EF19A98D3B00500BF5 /* GooglePlacesAutocompleteQuery.m in Sources */,
				A735E9F219AA35EE00500BF5 /* GooglePlacesPlaceDetailQuery.m in Sources */,
				A735E9F519AA371100500BF5 /* GooglePlacesAutocompletePlace.m in Sources */,
				A735E9EC19A98B2900500BF5 /* GooglePlacesAutocompleteUtilities.m in Sources */,
				A772F67519A01F60003DA103 /* main.m in Sources */,
				A772F6BF19A6E0E2003DA103 /* PlaceMarker.m in Sources */,
			);
			runOnlyForDeploymentPostprocessing = 0;
		};
		A772F68219A01F60003DA103 /* Sources */ = {
			isa = PBXSourcesBuildPhase;
			buildActionMask = 2147483647;
			files = (
				A772F69419A01F60003DA103 /* OurMapsTests.m in Sources */,
			);
			runOnlyForDeploymentPostprocessing = 0;
		};
/* End PBXSourcesBuildPhase section */

/* Begin PBXTargetDependency section */
		A772F68C19A01F60003DA103 /* PBXTargetDependency */ = {
			isa = PBXTargetDependency;
			target = A772F66419A01F60003DA103 /* OurMaps */;
			targetProxy = A772F68B19A01F60003DA103 /* PBXContainerItemProxy */;
		};
/* End PBXTargetDependency section */

/* Begin PBXVariantGroup section */
		A772F67119A01F60003DA103 /* InfoPlist.strings */ = {
			isa = PBXVariantGroup;
			children = (
				A772F67219A01F60003DA103 /* en */,
			);
			name = InfoPlist.strings;
			sourceTree = "<group>";
		};
		A772F67A19A01F60003DA103 /* Main.storyboard */ = {
			isa = PBXVariantGroup;
			children = (
				A772F67B19A01F60003DA103 /* Base */,
			);
			name = Main.storyboard;
			sourceTree = "<group>";
		};
		A772F69019A01F60003DA103 /* InfoPlist.strings */ = {
			isa = PBXVariantGroup;
			children = (
				A772F69119A01F60003DA103 /* en */,
			);
			name = InfoPlist.strings;
			sourceTree = "<group>";
		};
/* End PBXVariantGroup section */

/* Begin XCBuildConfiguration section */
		A772F69519A01F60003DA103 /* Debug */ = {
			isa = XCBuildConfiguration;
			buildSettings = {
				ALWAYS_SEARCH_USER_PATHS = NO;
				CLANG_CXX_LANGUAGE_STANDARD = "gnu++0x";
				CLANG_CXX_LIBRARY = "libc++";
				CLANG_ENABLE_MODULES = YES;
				CLANG_ENABLE_OBJC_ARC = YES;
				CLANG_WARN_BOOL_CONVERSION = YES;
				CLANG_WARN_CONSTANT_CONVERSION = YES;
				CLANG_WARN_DIRECT_OBJC_ISA_USAGE = YES_ERROR;
				CLANG_WARN_EMPTY_BODY = YES;
				CLANG_WARN_ENUM_CONVERSION = YES;
				CLANG_WARN_INT_CONVERSION = YES;
				CLANG_WARN_OBJC_ROOT_CLASS = YES_ERROR;
				CLANG_WARN__DUPLICATE_METHOD_MATCH = YES;
				"CODE_SIGN_IDENTITY[sdk=iphoneos*]" = "iPhone Developer";
				COPY_PHASE_STRIP = NO;
				GCC_C_LANGUAGE_STANDARD = gnu99;
				GCC_DYNAMIC_NO_PIC = NO;
				GCC_OPTIMIZATION_LEVEL = 0;
				GCC_PREPROCESSOR_DEFINITIONS = (
					"DEBUG=1",
					"$(inherited)",
				);
				GCC_SYMBOLS_PRIVATE_EXTERN = NO;
				GCC_WARN_64_TO_32_BIT_CONVERSION = YES;
				GCC_WARN_ABOUT_RETURN_TYPE = YES_ERROR;
				GCC_WARN_UNDECLARED_SELECTOR = YES;
				GCC_WARN_UNINITIALIZED_AUTOS = YES_AGGRESSIVE;
				GCC_WARN_UNUSED_FUNCTION = YES;
				GCC_WARN_UNUSED_VARIABLE = YES;
				IPHONEOS_DEPLOYMENT_TARGET = 7.1;
				ONLY_ACTIVE_ARCH = YES;
				SDKROOT = iphoneos;
			};
			name = Debug;
		};
		A772F69619A01F60003DA103 /* Release */ = {
			isa = XCBuildConfiguration;
			buildSettings = {
				ALWAYS_SEARCH_USER_PATHS = NO;
				CLANG_CXX_LANGUAGE_STANDARD = "gnu++0x";
				CLANG_CXX_LIBRARY = "libc++";
				CLANG_ENABLE_MODULES = YES;
				CLANG_ENABLE_OBJC_ARC = YES;
				CLANG_WARN_BOOL_CONVERSION = YES;
				CLANG_WARN_CONSTANT_CONVERSION = YES;
				CLANG_WARN_DIRECT_OBJC_ISA_USAGE = YES_ERROR;
				CLANG_WARN_EMPTY_BODY = YES;
				CLANG_WARN_ENUM_CONVERSION = YES;
				CLANG_WARN_INT_CONVERSION = YES;
				CLANG_WARN_OBJC_ROOT_CLASS = YES_ERROR;
				CLANG_WARN__DUPLICATE_METHOD_MATCH = YES;
				"CODE_SIGN_IDENTITY[sdk=iphoneos*]" = "iPhone Developer";
				COPY_PHASE_STRIP = YES;
				ENABLE_NS_ASSERTIONS = NO;
				GCC_C_LANGUAGE_STANDARD = gnu99;
				GCC_WARN_64_TO_32_BIT_CONVERSION = YES;
				GCC_WARN_ABOUT_RETURN_TYPE = YES_ERROR;
				GCC_WARN_UNDECLARED_SELECTOR = YES;
				GCC_WARN_UNINITIALIZED_AUTOS = YES_AGGRESSIVE;
				GCC_WARN_UNUSED_FUNCTION = YES;
				GCC_WARN_UNUSED_VARIABLE = YES;
				IPHONEOS_DEPLOYMENT_TARGET = 7.1;
				SDKROOT = iphoneos;
				VALIDATE_PRODUCT = YES;
			};
			name = Release;
		};
		A772F69819A01F60003DA103 /* Debug */ = {
			isa = XCBuildConfiguration;
			buildSettings = {
				ASSETCATALOG_COMPILER_APPICON_NAME = AppIcon;
				ASSETCATALOG_COMPILER_LAUNCHIMAGE_NAME = LaunchImage;
				FRAMEWORK_SEARCH_PATHS = (
					"$(inherited)",
					"$(SRCROOT)/",
					"$(PROJECT_DIR)/GoogleMaps-iOS-1.8.1",
					"$(PROJECT_DIR)/parse-library-1.2.21",
					"$(PROJECT_DIR)/FacebookSDK",
					/Users/weilu/Documents/FacebookSDK,
				);
				GCC_PRECOMPILE_PREFIX_HEADER = YES;
				GCC_PREFIX_HEADER = "OurMaps/OurMaps-Prefix.pch";
				INFOPLIST_FILE = "OurMaps/OurMaps-Info.plist";
				OTHER_LDFLAGS = "-ObjC";
				PRODUCT_NAME = "$(TARGET_NAME)";
				WRAPPER_EXTENSION = app;
			};
			name = Debug;
		};
		A772F69919A01F60003DA103 /* Release */ = {
			isa = XCBuildConfiguration;
			buildSettings = {
				ASSETCATALOG_COMPILER_APPICON_NAME = AppIcon;
				ASSETCATALOG_COMPILER_LAUNCHIMAGE_NAME = LaunchImage;
				FRAMEWORK_SEARCH_PATHS = (
					"$(inherited)",
					"$(SRCROOT)/",
					"$(PROJECT_DIR)/GoogleMaps-iOS-1.8.1",
					"$(PROJECT_DIR)/parse-library-1.2.21",
					"$(PROJECT_DIR)/FacebookSDK",
					/Users/weilu/Documents/FacebookSDK,
				);
				GCC_PRECOMPILE_PREFIX_HEADER = YES;
				GCC_PREFIX_HEADER = "OurMaps/OurMaps-Prefix.pch";
				INFOPLIST_FILE = "OurMaps/OurMaps-Info.plist";
				OTHER_LDFLAGS = "-ObjC";
				PRODUCT_NAME = "$(TARGET_NAME)";
				WRAPPER_EXTENSION = app;
			};
			name = Release;
		};
		A772F69B19A01F60003DA103 /* Debug */ = {
			isa = XCBuildConfiguration;
			buildSettings = {
				BUNDLE_LOADER = "$(BUILT_PRODUCTS_DIR)/OurMaps.app/OurMaps";
				FRAMEWORK_SEARCH_PATHS = (
					"$(SDKROOT)/Developer/Library/Frameworks",
					"$(inherited)",
					"$(DEVELOPER_FRAMEWORKS_DIR)",
				);
				GCC_PRECOMPILE_PREFIX_HEADER = YES;
				GCC_PREFIX_HEADER = "OurMaps/OurMaps-Prefix.pch";
				GCC_PREPROCESSOR_DEFINITIONS = (
					"DEBUG=1",
					"$(inherited)",
				);
				INFOPLIST_FILE = "OurMapsTests/OurMapsTests-Info.plist";
				PRODUCT_NAME = "$(TARGET_NAME)";
				TEST_HOST = "$(BUNDLE_LOADER)";
				WRAPPER_EXTENSION = xctest;
			};
			name = Debug;
		};
		A772F69C19A01F60003DA103 /* Release */ = {
			isa = XCBuildConfiguration;
			buildSettings = {
				BUNDLE_LOADER = "$(BUILT_PRODUCTS_DIR)/OurMaps.app/OurMaps";
				FRAMEWORK_SEARCH_PATHS = (
					"$(SDKROOT)/Developer/Library/Frameworks",
					"$(inherited)",
					"$(DEVELOPER_FRAMEWORKS_DIR)",
				);
				GCC_PRECOMPILE_PREFIX_HEADER = YES;
				GCC_PREFIX_HEADER = "OurMaps/OurMaps-Prefix.pch";
				INFOPLIST_FILE = "OurMapsTests/OurMapsTests-Info.plist";
				PRODUCT_NAME = "$(TARGET_NAME)";
				TEST_HOST = "$(BUNDLE_LOADER)";
				WRAPPER_EXTENSION = xctest;
			};
			name = Release;
		};
/* End XCBuildConfiguration section */

/* Begin XCConfigurationList section */
		A772F66019A01F60003DA103 /* Build configuration list for PBXProject "OurMaps" */ = {
			isa = XCConfigurationList;
			buildConfigurations = (
				A772F69519A01F60003DA103 /* Debug */,
				A772F69619A01F60003DA103 /* Release */,
			);
			defaultConfigurationIsVisible = 0;
			defaultConfigurationName = Release;
		};
		A772F69719A01F60003DA103 /* Build configuration list for PBXNativeTarget "OurMaps" */ = {
			isa = XCConfigurationList;
			buildConfigurations = (
				A772F69819A01F60003DA103 /* Debug */,
				A772F69919A01F60003DA103 /* Release */,
			);
			defaultConfigurationIsVisible = 0;
			defaultConfigurationName = Release;
		};
		A772F69A19A01F60003DA103 /* Build configuration list for PBXNativeTarget "OurMapsTests" */ = {
			isa = XCConfigurationList;
			buildConfigurations = (
				A772F69B19A01F60003DA103 /* Debug */,
				A772F69C19A01F60003DA103 /* Release */,
			);
			defaultConfigurationIsVisible = 0;
			defaultConfigurationName = Release;
		};
/* End XCConfigurationList section */
	};
	rootObject = A772F65D19A01F60003DA103 /* Project object */;
}
