// !$*UTF8*$!
{
	archiveVersion = 1;
	classes = {
	};
	objectVersion = 46;
	objects = {

/* Begin PBXBuildFile section */
		A7300FB919A01EC8000325DE /* Foundation.framework in Frameworks */ = {isa = PBXBuildFile; fileRef = A7300FB819A01EC7000325DE /* Foundation.framework */; };
		A7300FBB19A01EC8000325DE /* CoreGraphics.framework in Frameworks */ = {isa = PBXBuildFile; fileRef = A7300FBA19A01EC8000325DE /* CoreGraphics.framework */; };
		A7300FBD19A01EC8000325DE /* UIKit.framework in Frameworks */ = {isa = PBXBuildFile; fileRef = A7300FBC19A01EC8000325DE /* UIKit.framework */; };
		A7300FC319A01EC8000325DE /* InfoPlist.strings in Resources */ = {isa = PBXBuildFile; fileRef = A7300FC119A01EC8000325DE /* InfoPlist.strings */; };
		A7300FC519A01EC8000325DE /* main.m in Sources */ = {isa = PBXBuildFile; fileRef = A7300FC419A01EC8000325DE /* main.m */; };
		A7300FC919A01EC8000325DE /* AppDelegate.m in Sources */ = {isa = PBXBuildFile; fileRef = A7300FC819A01EC8000325DE /* AppDelegate.m */; };
		A7300FCC19A01EC8000325DE /* Main.storyboard in Resources */ = {isa = PBXBuildFile; fileRef = A7300FCA19A01EC8000325DE /* Main.storyboard */; };
		A7300FCF19A01EC8000325DE /* ViewController.m in Sources */ = {isa = PBXBuildFile; fileRef = A7300FCE19A01EC8000325DE /* ViewController.m */; };
		A7300FD119A01EC8000325DE /* Images.xcassets in Resources */ = {isa = PBXBuildFile; fileRef = A7300FD019A01EC8000325DE /* Images.xcassets */; };
		A7300FD819A01EC8000325DE /* XCTest.framework in Frameworks */ = {isa = PBXBuildFile; fileRef = A7300FD719A01EC8000325DE /* XCTest.framework */; };
		A7300FD919A01EC8000325DE /* Foundation.framework in Frameworks */ = {isa = PBXBuildFile; fileRef = A7300FB819A01EC7000325DE /* Foundation.framework */; };
		A7300FDA19A01EC8000325DE /* UIKit.framework in Frameworks */ = {isa = PBXBuildFile; fileRef = A7300FBC19A01EC8000325DE /* UIKit.framework */; };
		A7300FE219A01EC8000325DE /* InfoPlist.strings in Resources */ = {isa = PBXBuildFile; fileRef = A7300FE019A01EC8000325DE /* InfoPlist.strings */; };
		A7300FE419A01EC8000325DE /* SocialMapTests.m in Sources */ = {isa = PBXBuildFile; fileRef = A7300FE319A01EC8000325DE /* SocialMapTests.m */; };
/* End PBXBuildFile section */

/* Begin PBXContainerItemProxy section */
		A7300FDB19A01EC8000325DE /* PBXContainerItemProxy */ = {
			isa = PBXContainerItemProxy;
			containerPortal = A7300FAD19A01EC7000325DE /* Project object */;
			proxyType = 1;
			remoteGlobalIDString = A7300FB419A01EC7000325DE;
			remoteInfo = SocialMap;
		};
/* End PBXContainerItemProxy section */

/* Begin PBXFileReference section */
		A7300FB519A01EC7000325DE /* SocialMap.app */ = {isa = PBXFileReference; explicitFileType = wrapper.application; includeInIndex = 0; path = SocialMap.app; sourceTree = BUILT_PRODUCTS_DIR; };
		A7300FB819A01EC7000325DE /* Foundation.framework */ = {isa = PBXFileReference; lastKnownFileType = wrapper.framework; name = Foundation.framework; path = System/Library/Frameworks/Foundation.framework; sourceTree = SDKROOT; };
		A7300FBA19A01EC8000325DE /* CoreGraphics.framework */ = {isa = PBXFileReference; lastKnownFileType = wrapper.framework; name = CoreGraphics.framework; path = System/Library/Frameworks/CoreGraphics.framework; sourceTree = SDKROOT; };
		A7300FBC19A01EC8000325DE /* UIKit.framework */ = {isa = PBXFileReference; lastKnownFileType = wrapper.framework; name = UIKit.framework; path = System/Library/Frameworks/UIKit.framework; sourceTree = SDKROOT; };
		A7300FC019A01EC8000325DE /* SocialMap-Info.plist */ = {isa = PBXFileReference; lastKnownFileType = text.plist.xml; path = "SocialMap-Info.plist"; sourceTree = "<group>"; };
		A7300FC219A01EC8000325DE /* en */ = {isa = PBXFileReference; lastKnownFileType = text.plist.strings; name = en; path = en.lproj/InfoPlist.strings; sourceTree = "<group>"; };
		A7300FC419A01EC8000325DE /* main.m */ = {isa = PBXFileReference; lastKnownFileType = sourcecode.c.objc; path = main.m; sourceTree = "<group>"; };
		A7300FC619A01EC8000325DE /* SocialMap-Prefix.pch */ = {isa = PBXFileReference; lastKnownFileType = sourcecode.c.h; path = "SocialMap-Prefix.pch"; sourceTree = "<group>"; };
		A7300FC719A01EC8000325DE /* AppDelegate.h */ = {isa = PBXFileReference; lastKnownFileType = sourcecode.c.h; path = AppDelegate.h; sourceTree = "<group>"; };
		A7300FC819A01EC8000325DE /* AppDelegate.m */ = {isa = PBXFileReference; lastKnownFileType = sourcecode.c.objc; path = AppDelegate.m; sourceTree = "<group>"; };
		A7300FCB19A01EC8000325DE /* Base */ = {isa = PBXFileReference; lastKnownFileType = file.storyboard; name = Base; path = Base.lproj/Main.storyboard; sourceTree = "<group>"; };
		A7300FCD19A01EC8000325DE /* ViewController.h */ = {isa = PBXFileReference; lastKnownFileType = sourcecode.c.h; path = ViewController.h; sourceTree = "<group>"; };
		A7300FCE19A01EC8000325DE /* ViewController.m */ = {isa = PBXFileReference; lastKnownFileType = sourcecode.c.objc; path = ViewController.m; sourceTree = "<group>"; };
		A7300FD019A01EC8000325DE /* Images.xcassets */ = {isa = PBXFileReference; lastKnownFileType = folder.assetcatalog; path = Images.xcassets; sourceTree = "<group>"; };
		A7300FD619A01EC8000325DE /* SocialMapTests.xctest */ = {isa = PBXFileReference; explicitFileType = wrapper.cfbundle; includeInIndex = 0; path = SocialMapTests.xctest; sourceTree = BUILT_PRODUCTS_DIR; };
		A7300FD719A01EC8000325DE /* XCTest.framework */ = {isa = PBXFileReference; lastKnownFileType = wrapper.framework; name = XCTest.framework; path = Library/Frameworks/XCTest.framework; sourceTree = DEVELOPER_DIR; };
		A7300FDF19A01EC8000325DE /* SocialMapTests-Info.plist */ = {isa = PBXFileReference; lastKnownFileType = text.plist.xml; path = "SocialMapTests-Info.plist"; sourceTree = "<group>"; };
		A7300FE119A01EC8000325DE /* en */ = {isa = PBXFileReference; lastKnownFileType = text.plist.strings; name = en; path = en.lproj/InfoPlist.strings; sourceTree = "<group>"; };
		A7300FE319A01EC8000325DE /* SocialMapTests.m */ = {isa = PBXFileReference; lastKnownFileType = sourcecode.c.objc; path = SocialMapTests.m; sourceTree = "<group>"; };
/* End PBXFileReference section */

/* Begin PBXFrameworksBuildPhase section */
		A7300FB219A01EC7000325DE /* Frameworks */ = {
			isa = PBXFrameworksBuildPhase;
			buildActionMask = 2147483647;
			files = (
				A7300FBB19A01EC8000325DE /* CoreGraphics.framework in Frameworks */,
				A7300FBD19A01EC8000325DE /* UIKit.framework in Frameworks */,
				A7300FB919A01EC8000325DE /* Foundation.framework in Frameworks */,
			);
			runOnlyForDeploymentPostprocessing = 0;
		};
		A7300FD319A01EC8000325DE /* Frameworks */ = {
			isa = PBXFrameworksBuildPhase;
			buildActionMask = 2147483647;
			files = (
				A7300FD819A01EC8000325DE /* XCTest.framework in Frameworks */,
				A7300FDA19A01EC8000325DE /* UIKit.framework in Frameworks */,
				A7300FD919A01EC8000325DE /* Foundation.framework in Frameworks */,
			);
			runOnlyForDeploymentPostprocessing = 0;
		};
/* End PBXFrameworksBuildPhase section */

/* Begin PBXGroup section */
		A7300FAC19A01EC7000325DE = {
			isa = PBXGroup;
			children = (
				A7300FBE19A01EC8000325DE /* SocialMap */,
				A7300FDD19A01EC8000325DE /* SocialMapTests */,
				A7300FB719A01EC7000325DE /* Frameworks */,
				A7300FB619A01EC7000325DE /* Products */,
			);
			sourceTree = "<group>";
		};
		A7300FB619A01EC7000325DE /* Products */ = {
			isa = PBXGroup;
			children = (
				A7300FB519A01EC7000325DE /* SocialMap.app */,
				A7300FD619A01EC8000325DE /* SocialMapTests.xctest */,
			);
			name = Products;
			sourceTree = "<group>";
		};
		A7300FB719A01EC7000325DE /* Frameworks */ = {
			isa = PBXGroup;
			children = (
				A7300FB819A01EC7000325DE /* Foundation.framework */,
				A7300FBA19A01EC8000325DE /* CoreGraphics.framework */,
				A7300FBC19A01EC8000325DE /* UIKit.framework */,
				A7300FD719A01EC8000325DE /* XCTest.framework */,
			);
			name = Frameworks;
			sourceTree = "<group>";
		};
		A7300FBE19A01EC8000325DE /* SocialMap */ = {
			isa = PBXGroup;
			children = (
				A7300FC719A01EC8000325DE /* AppDelegate.h */,
				A7300FC819A01EC8000325DE /* AppDelegate.m */,
				A7300FCA19A01EC8000325DE /* Main.storyboard */,
				A7300FCD19A01EC8000325DE /* ViewController.h */,
				A7300FCE19A01EC8000325DE /* ViewController.m */,
				A7300FD019A01EC8000325DE /* Images.xcassets */,
				A7300FBF19A01EC8000325DE /* Supporting Files */,
			);
			path = SocialMap;
			sourceTree = "<group>";
		};
		A7300FBF19A01EC8000325DE /* Supporting Files */ = {
			isa = PBXGroup;
			children = (
				A7300FC019A01EC8000325DE /* SocialMap-Info.plist */,
				A7300FC119A01EC8000325DE /* InfoPlist.strings */,
				A7300FC419A01EC8000325DE /* main.m */,
				A7300FC619A01EC8000325DE /* SocialMap-Prefix.pch */,
			);
			name = "Supporting Files";
			sourceTree = "<group>";
		};
		A7300FDD19A01EC8000325DE /* SocialMapTests */ = {
			isa = PBXGroup;
			children = (
				A7300FE319A01EC8000325DE /* SocialMapTests.m */,
				A7300FDE19A01EC8000325DE /* Supporting Files */,
			);
			path = SocialMapTests;
			sourceTree = "<group>";
		};
		A7300FDE19A01EC8000325DE /* Supporting Files */ = {
			isa = PBXGroup;
			children = (
				A7300FDF19A01EC8000325DE /* SocialMapTests-Info.plist */,
				A7300FE019A01EC8000325DE /* InfoPlist.strings */,
			);
			name = "Supporting Files";
			sourceTree = "<group>";
		};
/* End PBXGroup section */

/* Begin PBXNativeTarget section */
		A7300FB419A01EC7000325DE /* SocialMap */ = {
			isa = PBXNativeTarget;
			buildConfigurationList = A7300FE719A01EC8000325DE /* Build configuration list for PBXNativeTarget "SocialMap" */;
			buildPhases = (
				A7300FB119A01EC7000325DE /* Sources */,
				A7300FB219A01EC7000325DE /* Frameworks */,
				A7300FB319A01EC7000325DE /* Resources */,
			);
			buildRules = (
			);
			dependencies = (
			);
			name = SocialMap;
			productName = SocialMap;
			productReference = A7300FB519A01EC7000325DE /* SocialMap.app */;
			productType = "com.apple.product-type.application";
		};
		A7300FD519A01EC8000325DE /* SocialMapTests */ = {
			isa = PBXNativeTarget;
			buildConfigurationList = A7300FEA19A01EC8000325DE /* Build configuration list for PBXNativeTarget "SocialMapTests" */;
			buildPhases = (
				A7300FD219A01EC8000325DE /* Sources */,
				A7300FD319A01EC8000325DE /* Frameworks */,
				A7300FD419A01EC8000325DE /* Resources */,
			);
			buildRules = (
			);
			dependencies = (
				A7300FDC19A01EC8000325DE /* PBXTargetDependency */,
			);
			name = SocialMapTests;
			productName = SocialMapTests;
			productReference = A7300FD619A01EC8000325DE /* SocialMapTests.xctest */;
			productType = "com.apple.product-type.bundle.unit-test";
		};
/* End PBXNativeTarget section */

/* Begin PBXProject section */
		A7300FAD19A01EC7000325DE /* Project object */ = {
			isa = PBXProject;
			attributes = {
				LastUpgradeCheck = 0510;
				ORGANIZATIONNAME = SocialMap;
				TargetAttributes = {
					A7300FD519A01EC8000325DE = {
						TestTargetID = A7300FB419A01EC7000325DE;
					};
				};
			};
			buildConfigurationList = A7300FB019A01EC7000325DE /* Build configuration list for PBXProject "SocialMap" */;
			compatibilityVersion = "Xcode 3.2";
			developmentRegion = English;
			hasScannedForEncodings = 0;
			knownRegions = (
				en,
				Base,
			);
			mainGroup = A7300FAC19A01EC7000325DE;
			productRefGroup = A7300FB619A01EC7000325DE /* Products */;
			projectDirPath = "";
			projectRoot = "";
			targets = (
				A7300FB419A01EC7000325DE /* SocialMap */,
				A7300FD519A01EC8000325DE /* SocialMapTests */,
			);
		};
/* End PBXProject section */

/* Begin PBXResourcesBuildPhase section */
		A7300FB319A01EC7000325DE /* Resources */ = {
			isa = PBXResourcesBuildPhase;
			buildActionMask = 2147483647;
			files = (
				A7300FD119A01EC8000325DE /* Images.xcassets in Resources */,
				A7300FC319A01EC8000325DE /* InfoPlist.strings in Resources */,
				A7300FCC19A01EC8000325DE /* Main.storyboard in Resources */,
			);
			runOnlyForDeploymentPostprocessing = 0;
		};
		A7300FD419A01EC8000325DE /* Resources */ = {
			isa = PBXResourcesBuildPhase;
			buildActionMask = 2147483647;
			files = (
				A7300FE219A01EC8000325DE /* InfoPlist.strings in Resources */,
			);
			runOnlyForDeploymentPostprocessing = 0;
		};
/* End PBXResourcesBuildPhase section */

/* Begin PBXSourcesBuildPhase section */
		A7300FB119A01EC7000325DE /* Sources */ = {
			isa = PBXSourcesBuildPhase;
			buildActionMask = 2147483647;
			files = (
				A7300FCF19A01EC8000325DE /* ViewController.m in Sources */,
				A7300FC919A01EC8000325DE /* AppDelegate.m in Sources */,
				A7300FC519A01EC8000325DE /* main.m in Sources */,
			);
			runOnlyForDeploymentPostprocessing = 0;
		};
		A7300FD219A01EC8000325DE /* Sources */ = {
			isa = PBXSourcesBuildPhase;
			buildActionMask = 2147483647;
			files = (
				A7300FE419A01EC8000325DE /* SocialMapTests.m in Sources */,
			);
			runOnlyForDeploymentPostprocessing = 0;
		};
/* End PBXSourcesBuildPhase section */

/* Begin PBXTargetDependency section */
		A7300FDC19A01EC8000325DE /* PBXTargetDependency */ = {
			isa = PBXTargetDependency;
			target = A7300FB419A01EC7000325DE /* SocialMap */;
			targetProxy = A7300FDB19A01EC8000325DE /* PBXContainerItemProxy */;
		};
/* End PBXTargetDependency section */

/* Begin PBXVariantGroup section */
		A7300FC119A01EC8000325DE /* InfoPlist.strings */ = {
			isa = PBXVariantGroup;
			children = (
				A7300FC219A01EC8000325DE /* en */,
			);
			name = InfoPlist.strings;
			sourceTree = "<group>";
		};
		A7300FCA19A01EC8000325DE /* Main.storyboard */ = {
			isa = PBXVariantGroup;
			children = (
				A7300FCB19A01EC8000325DE /* Base */,
			);
			name = Main.storyboard;
			sourceTree = "<group>";
		};
		A7300FE019A01EC8000325DE /* InfoPlist.strings */ = {
			isa = PBXVariantGroup;
			children = (
				A7300FE119A01EC8000325DE /* en */,
			);
			name = InfoPlist.strings;
			sourceTree = "<group>";
		};
/* End PBXVariantGroup section */

/* Begin XCBuildConfiguration section */
		A7300FE519A01EC8000325DE /* Debug */ = {
			isa = XCBuildConfiguration;
			buildSettings = {
				ALWAYS_SEARCH_USER_PATHS = NO;
				CLANG_CXX_LANGUAGE_STANDARD = "gnu++0x";
				CLANG_CXX_LIBRARY = "libc++";
				CLANG_ENABLE_MODULES = YES;
				CLANG_ENABLE_OBJC_ARC = YES;
				CLANG_WARN_BOOL_CONVERSION = YES;
				CLANG_WARN_CONSTANT_CONVERSION = YES;
				CLANG_WARN_DIRECT_OBJC_ISA_USAGE = YES_ERROR;
				CLANG_WARN_EMPTY_BODY = YES;
				CLANG_WARN_ENUM_CONVERSION = YES;
				CLANG_WARN_INT_CONVERSION = YES;
				CLANG_WARN_OBJC_ROOT_CLASS = YES_ERROR;
				CLANG_WARN__DUPLICATE_METHOD_MATCH = YES;
				"CODE_SIGN_IDENTITY[sdk=iphoneos*]" = "iPhone Developer";
				COPY_PHASE_STRIP = NO;
				GCC_C_LANGUAGE_STANDARD = gnu99;
				GCC_DYNAMIC_NO_PIC = NO;
				GCC_OPTIMIZATION_LEVEL = 0;
				GCC_PREPROCESSOR_DEFINITIONS = (
					"DEBUG=1",
					"$(inherited)",
				);
				GCC_SYMBOLS_PRIVATE_EXTERN = NO;
				GCC_WARN_64_TO_32_BIT_CONVERSION = YES;
				GCC_WARN_ABOUT_RETURN_TYPE = YES_ERROR;
				GCC_WARN_UNDECLARED_SELECTOR = YES;
				GCC_WARN_UNINITIALIZED_AUTOS = YES_AGGRESSIVE;
				GCC_WARN_UNUSED_FUNCTION = YES;
				GCC_WARN_UNUSED_VARIABLE = YES;
				IPHONEOS_DEPLOYMENT_TARGET = 7.1;
				ONLY_ACTIVE_ARCH = YES;
				SDKROOT = iphoneos;
			};
			name = Debug;
		};
		A7300FE619A01EC8000325DE /* Release */ = {
			isa = XCBuildConfiguration;
			buildSettings = {
				ALWAYS_SEARCH_USER_PATHS = NO;
				CLANG_CXX_LANGUAGE_STANDARD = "gnu++0x";
				CLANG_CXX_LIBRARY = "libc++";
				CLANG_ENABLE_MODULES = YES;
				CLANG_ENABLE_OBJC_ARC = YES;
				CLANG_WARN_BOOL_CONVERSION = YES;
				CLANG_WARN_CONSTANT_CONVERSION = YES;
				CLANG_WARN_DIRECT_OBJC_ISA_USAGE = YES_ERROR;
				CLANG_WARN_EMPTY_BODY = YES;
				CLANG_WARN_ENUM_CONVERSION = YES;
				CLANG_WARN_INT_CONVERSION = YES;
				CLANG_WARN_OBJC_ROOT_CLASS = YES_ERROR;
				CLANG_WARN__DUPLICATE_METHOD_MATCH = YES;
				"CODE_SIGN_IDENTITY[sdk=iphoneos*]" = "iPhone Developer";
				COPY_PHASE_STRIP = YES;
				ENABLE_NS_ASSERTIONS = NO;
				GCC_C_LANGUAGE_STANDARD = gnu99;
				GCC_WARN_64_TO_32_BIT_CONVERSION = YES;
				GCC_WARN_ABOUT_RETURN_TYPE = YES_ERROR;
				GCC_WARN_UNDECLARED_SELECTOR = YES;
				GCC_WARN_UNINITIALIZED_AUTOS = YES_AGGRESSIVE;
				GCC_WARN_UNUSED_FUNCTION = YES;
				GCC_WARN_UNUSED_VARIABLE = YES;
				IPHONEOS_DEPLOYMENT_TARGET = 7.1;
				SDKROOT = iphoneos;
				VALIDATE_PRODUCT = YES;
			};
			name = Release;
		};
		A7300FE819A01EC8000325DE /* Debug */ = {
			isa = XCBuildConfiguration;
			buildSettings = {
				ASSETCATALOG_COMPILER_APPICON_NAME = AppIcon;
				ASSETCATALOG_COMPILER_LAUNCHIMAGE_NAME = LaunchImage;
				GCC_PRECOMPILE_PREFIX_HEADER = YES;
				GCC_PREFIX_HEADER = "SocialMap/SocialMap-Prefix.pch";
				INFOPLIST_FILE = "SocialMap/SocialMap-Info.plist";
				PRODUCT_NAME = "$(TARGET_NAME)";
				WRAPPER_EXTENSION = app;
			};
			name = Debug;
		};
		A7300FE919A01EC8000325DE /* Release */ = {
			isa = XCBuildConfiguration;
			buildSettings = {
				ASSETCATALOG_COMPILER_APPICON_NAME = AppIcon;
				ASSETCATALOG_COMPILER_LAUNCHIMAGE_NAME = LaunchImage;
				GCC_PRECOMPILE_PREFIX_HEADER = YES;
				GCC_PREFIX_HEADER = "SocialMap/SocialMap-Prefix.pch";
				INFOPLIST_FILE = "SocialMap/SocialMap-Info.plist";
				PRODUCT_NAME = "$(TARGET_NAME)";
				WRAPPER_EXTENSION = app;
			};
			name = Release;
		};
		A7300FEB19A01EC8000325DE /* Debug */ = {
			isa = XCBuildConfiguration;
			buildSettings = {
				BUNDLE_LOADER = "$(BUILT_PRODUCTS_DIR)/SocialMap.app/SocialMap";
				FRAMEWORK_SEARCH_PATHS = (
					"$(SDKROOT)/Developer/Library/Frameworks",
					"$(inherited)",
					"$(DEVELOPER_FRAMEWORKS_DIR)",
				);
				GCC_PRECOMPILE_PREFIX_HEADER = YES;
				GCC_PREFIX_HEADER = "SocialMap/SocialMap-Prefix.pch";
				GCC_PREPROCESSOR_DEFINITIONS = (
					"DEBUG=1",
					"$(inherited)",
				);
				INFOPLIST_FILE = "SocialMapTests/SocialMapTests-Info.plist";
				PRODUCT_NAME = "$(TARGET_NAME)";
				TEST_HOST = "$(BUNDLE_LOADER)";
				WRAPPER_EXTENSION = xctest;
			};
			name = Debug;
		};
		A7300FEC19A01EC8000325DE /* Release */ = {
			isa = XCBuildConfiguration;
			buildSettings = {
				BUNDLE_LOADER = "$(BUILT_PRODUCTS_DIR)/SocialMap.app/SocialMap";
				FRAMEWORK_SEARCH_PATHS = (
					"$(SDKROOT)/Developer/Library/Frameworks",
					"$(inherited)",
					"$(DEVELOPER_FRAMEWORKS_DIR)",
				);
				GCC_PRECOMPILE_PREFIX_HEADER = YES;
				GCC_PREFIX_HEADER = "SocialMap/SocialMap-Prefix.pch";
				INFOPLIST_FILE = "SocialMapTests/SocialMapTests-Info.plist";
				PRODUCT_NAME = "$(TARGET_NAME)";
				TEST_HOST = "$(BUNDLE_LOADER)";
				WRAPPER_EXTENSION = xctest;
			};
			name = Release;
		};
/* End XCBuildConfiguration section */

/* Begin XCConfigurationList section */
		A7300FB019A01EC7000325DE /* Build configuration list for PBXProject "SocialMap" */ = {
			isa = XCConfigurationList;
			buildConfigurations = (
				A7300FE519A01EC8000325DE /* Debug */,
				A7300FE619A01EC8000325DE /* Release */,
			);
			defaultConfigurationIsVisible = 0;
			defaultConfigurationName = Release;
		};
		A7300FE719A01EC8000325DE /* Build configuration list for PBXNativeTarget "SocialMap" */ = {
			isa = XCConfigurationList;
			buildConfigurations = (
				A7300FE819A01EC8000325DE /* Debug */,
				A7300FE919A01EC8000325DE /* Release */,
			);
			defaultConfigurationIsVisible = 0;
		};
		A7300FEA19A01EC8000325DE /* Build configuration list for PBXNativeTarget "SocialMapTests" */ = {
			isa = XCConfigurationList;
			buildConfigurations = (
				A7300FEB19A01EC8000325DE /* Debug */,
				A7300FEC19A01EC8000325DE /* Release */,
			);
			defaultConfigurationIsVisible = 0;
		};
/* End XCConfigurationList section */
	};
	rootObject = A7300FAD19A01EC7000325DE /* Project object */;
}
